
Microsoft Visual Studio Solution File, Format Version 12.00
# Visual Studio Version 17
VisualStudioVersion = 17.4.33103.184
MinimumVisualStudioVersion = 10.0.40219.1
Project("{2150E333-8FDC-42A3-9474-1A3956D46DE8}") = "Client", "Client", "{6A6C752B-0600-4F53-B915-E803AAD360BD}"
EndProject
Project("{2150E333-8FDC-42A3-9474-1A3956D46DE8}") = "0 Api", "0 Api", "{143F6A8F-D100-4747-B1A8-30F0F7AE57DA}"
EndProject
Project("{2150E333-8FDC-42A3-9474-1A3956D46DE8}") = "1 Service", "1 Service", "{CC291A91-6806-43CC-B559-4C423F7E581B}"
EndProject
Project("{2150E333-8FDC-42A3-9474-1A3956D46DE8}") = "2 Business", "2 Business", "{2DB55BEB-44D4-4C6B-A997-085E6C44411C}"
EndProject
Project("{2150E333-8FDC-42A3-9474-1A3956D46DE8}") = "3 Data", "3 Data", "{889BD5EA-2742-4948-B690-A111FFA440F2}"
EndProject
Project("{2150E333-8FDC-42A3-9474-1A3956D46DE8}") = "4 Common", "4 Common", "{13868603-3EA5-4BAD-84CB-7C6D15FE73F9}"
EndProject
Project("{2150E333-8FDC-42A3-9474-1A3956D46DE8}") = "5 Proxy", "5 Proxy", "{2ED61F7F-E10E-49BF-82C7-E90DC42267F7}"
EndProject
Project("{9A19103F-16F7-4668-BE54-9A1E7A4F7556}") = "Bovis.Common", "Bovis.Common\Bovis.Common.csproj", "{5C2E5FD6-801A-46CD-AE75-D42148099E74}"
EndProject
Project("{9A19103F-16F7-4668-BE54-9A1E7A4F7556}") = "Bovis.Common.Logging", "Bovis.Common.Logging\Bovis.Common.Logging.csproj", "{6EEEBF73-BD8C-4C88-B898-8B5E25412194}"
EndProject
Project("{9A19103F-16F7-4668-BE54-9A1E7A4F7556}") = "Bovis.Common.Mapper", "Bovis.Common.Mapper\Bovis.Common.Mapper.csproj", "{A8A291C0-6485-492A-91B6-02098A50C03D}"
EndProject
Project("{9A19103F-16F7-4668-BE54-9A1E7A4F7556}") = "Bovis.Common.Model", "Bovis.Common.Model\Bovis.Common.Model.csproj", "{1098D510-E7D3-47C8-BFF5-A63C8D0C30E6}"
EndProject
Project("{9A19103F-16F7-4668-BE54-9A1E7A4F7556}") = "Bovis.Data", "Bovis.Data\Bovis.Data.csproj", "{075F7841-29B4-4290-8CFB-CB1CB350E2AF}"
EndProject
Project("{9A19103F-16F7-4668-BE54-9A1E7A4F7556}") = "Bovis.Data.Interface", "Bovis.Data.Interface\Bovis.Data.Interface.csproj", "{C273B9A4-02DC-48A4-9CBA-3CE03B01843A}"
EndProject
Project("{9A19103F-16F7-4668-BE54-9A1E7A4F7556}") = "Bovis.Business.Interface", "Bovis.Business.Interface\Bovis.Business.Interface.csproj", "{BCB52E65-2848-4724-A276-35F55A78BB68}"
EndProject
Project("{9A19103F-16F7-4668-BE54-9A1E7A4F7556}") = "Bovis.Business", "Bovis.Business\Bovis.Business.csproj", "{F7AE8099-6174-4BC0-9AC5-A94DDF5935A1}"
	ProjectSection(ProjectDependencies) = postProject
		{A8A291C0-6485-492A-91B6-02098A50C03D} = {A8A291C0-6485-492A-91B6-02098A50C03D}
	EndProjectSection
EndProject
Project("{9A19103F-16F7-4668-BE54-9A1E7A4F7556}") = "Bovis.Service.EventHandlers", "Bovis.Service.EventHandlers\Bovis.Service.EventHandlers.csproj", "{1DB8E8A2-79E3-4A98-A1F9-7B3898BAAA1B}"
EndProject
Project("{9A19103F-16F7-4668-BE54-9A1E7A4F7556}") = "Bovis.Service.Queries", "Bovis.Service.Queries\Bovis.Service.Queries.csproj", "{D8A405B4-7B2E-4D5A-81FF-7054A3005F22}"
EndProject
Project("{9A19103F-16F7-4668-BE54-9A1E7A4F7556}") = "Bovis.Service.Queries.Dto", "Bovis.Service.Queries.Dto\Bovis.Service.Queries.Dto.csproj", "{E44F38B7-BAF1-40BA-B5E7-928A9400BC43}"
EndProject
Project("{9A19103F-16F7-4668-BE54-9A1E7A4F7556}") = "Bovis.Service.Queries.Interface", "Bovis.Service.Queries.Interface\Bovis.Service.Queries.Interface.csproj", "{4F64846D-4B8E-4683-A349-D0AE2FC16AB8}"
EndProject
Project("{9A19103F-16F7-4668-BE54-9A1E7A4F7556}") = "Bovis.API", "Bovis.API\Bovis.API.csproj", "{BA6985DE-E940-423F-928B-EC36499D2716}"
EndProject
Global
	GlobalSection(SolutionConfigurationPlatforms) = preSolution
		Debug|Any CPU = Debug|Any CPU
		Release|Any CPU = Release|Any CPU
	EndGlobalSection
	GlobalSection(ProjectConfigurationPlatforms) = postSolution
		{5C2E5FD6-801A-46CD-AE75-D42148099E74}.Debug|Any CPU.ActiveCfg = Debug|Any CPU
		{5C2E5FD6-801A-46CD-AE75-D42148099E74}.Debug|Any CPU.Build.0 = Debug|Any CPU
		{5C2E5FD6-801A-46CD-AE75-D42148099E74}.Release|Any CPU.ActiveCfg = Release|Any CPU
		{5C2E5FD6-801A-46CD-AE75-D42148099E74}.Release|Any CPU.Build.0 = Release|Any CPU
		{6EEEBF73-BD8C-4C88-B898-8B5E25412194}.Debug|Any CPU.ActiveCfg = Debug|Any CPU
		{6EEEBF73-BD8C-4C88-B898-8B5E25412194}.Debug|Any CPU.Build.0 = Debug|Any CPU
		{6EEEBF73-BD8C-4C88-B898-8B5E25412194}.Release|Any CPU.ActiveCfg = Release|Any CPU
		{6EEEBF73-BD8C-4C88-B898-8B5E25412194}.Release|Any CPU.Build.0 = Release|Any CPU
		{A8A291C0-6485-492A-91B6-02098A50C03D}.Debug|Any CPU.ActiveCfg = Debug|Any CPU
		{A8A291C0-6485-492A-91B6-02098A50C03D}.Debug|Any CPU.Build.0 = Debug|Any CPU
		{A8A291C0-6485-492A-91B6-02098A50C03D}.Release|Any CPU.ActiveCfg = Release|Any CPU
		{A8A291C0-6485-492A-91B6-02098A50C03D}.Release|Any CPU.Build.0 = Release|Any CPU
		{1098D510-E7D3-47C8-BFF5-A63C8D0C30E6}.Debug|Any CPU.ActiveCfg = Debug|Any CPU
		{1098D510-E7D3-47C8-BFF5-A63C8D0C30E6}.Debug|Any CPU.Build.0 = Debug|Any CPU
		{1098D510-E7D3-47C8-BFF5-A63C8D0C30E6}.Release|Any CPU.ActiveCfg = Release|Any CPU
		{1098D510-E7D3-47C8-BFF5-A63C8D0C30E6}.Release|Any CPU.Build.0 = Release|Any CPU
		{075F7841-29B4-4290-8CFB-CB1CB350E2AF}.Debug|Any CPU.ActiveCfg = Debug|Any CPU
		{075F7841-29B4-4290-8CFB-CB1CB350E2AF}.Debug|Any CPU.Build.0 = Debug|Any CPU
		{075F7841-29B4-4290-8CFB-CB1CB350E2AF}.Release|Any CPU.ActiveCfg = Release|Any CPU
		{075F7841-29B4-4290-8CFB-CB1CB350E2AF}.Release|Any CPU.Build.0 = Release|Any CPU
		{C273B9A4-02DC-48A4-9CBA-3CE03B01843A}.Debug|Any CPU.ActiveCfg = Debug|Any CPU
		{C273B9A4-02DC-48A4-9CBA-3CE03B01843A}.Debug|Any CPU.Build.0 = Debug|Any CPU
		{C273B9A4-02DC-48A4-9CBA-3CE03B01843A}.Release|Any CPU.ActiveCfg = Release|Any CPU
		{C273B9A4-02DC-48A4-9CBA-3CE03B01843A}.Release|Any CPU.Build.0 = Release|Any CPU
		{BCB52E65-2848-4724-A276-35F55A78BB68}.Debug|Any CPU.ActiveCfg = Debug|Any CPU
		{BCB52E65-2848-4724-A276-35F55A78BB68}.Debug|Any CPU.Build.0 = Debug|Any CPU
		{BCB52E65-2848-4724-A276-35F55A78BB68}.Release|Any CPU.ActiveCfg = Release|Any CPU
		{BCB52E65-2848-4724-A276-35F55A78BB68}.Release|Any CPU.Build.0 = Release|Any CPU
		{F7AE8099-6174-4BC0-9AC5-A94DDF5935A1}.Debug|Any CPU.ActiveCfg = Debug|Any CPU
		{F7AE8099-6174-4BC0-9AC5-A94DDF5935A1}.Debug|Any CPU.Build.0 = Debug|Any CPU
		{F7AE8099-6174-4BC0-9AC5-A94DDF5935A1}.Release|Any CPU.ActiveCfg = Release|Any CPU
		{F7AE8099-6174-4BC0-9AC5-A94DDF5935A1}.Release|Any CPU.Build.0 = Release|Any CPU
		{1DB8E8A2-79E3-4A98-A1F9-7B3898BAAA1B}.Debug|Any CPU.ActiveCfg = Debug|Any CPU
		{1DB8E8A2-79E3-4A98-A1F9-7B3898BAAA1B}.Debug|Any CPU.Build.0 = Debug|Any CPU
		{1DB8E8A2-79E3-4A98-A1F9-7B3898BAAA1B}.Release|Any CPU.ActiveCfg = Release|Any CPU
		{1DB8E8A2-79E3-4A98-A1F9-7B3898BAAA1B}.Release|Any CPU.Build.0 = Release|Any CPU
		{D8A405B4-7B2E-4D5A-81FF-7054A3005F22}.Debug|Any CPU.ActiveCfg = Debug|Any CPU
		{D8A405B4-7B2E-4D5A-81FF-7054A3005F22}.Debug|Any CPU.Build.0 = Debug|Any CPU
		{D8A405B4-7B2E-4D5A-81FF-7054A3005F22}.Release|Any CPU.ActiveCfg = Release|Any CPU
		{D8A405B4-7B2E-4D5A-81FF-7054A3005F22}.Release|Any CPU.Build.0 = Release|Any CPU
		{E44F38B7-BAF1-40BA-B5E7-928A9400BC43}.Debug|Any CPU.ActiveCfg = Debug|Any CPU
		{E44F38B7-BAF1-40BA-B5E7-928A9400BC43}.Debug|Any CPU.Build.0 = Debug|Any CPU
		{E44F38B7-BAF1-40BA-B5E7-928A9400BC43}.Release|Any CPU.ActiveCfg = Release|Any CPU
		{E44F38B7-BAF1-40BA-B5E7-928A9400BC43}.Release|Any CPU.Build.0 = Release|Any CPU
		{4F64846D-4B8E-4683-A349-D0AE2FC16AB8}.Debug|Any CPU.ActiveCfg = Debug|Any CPU
		{4F64846D-4B8E-4683-A349-D0AE2FC16AB8}.Debug|Any CPU.Build.0 = Debug|Any CPU
		{4F64846D-4B8E-4683-A349-D0AE2FC16AB8}.Release|Any CPU.ActiveCfg = Release|Any CPU
		{4F64846D-4B8E-4683-A349-D0AE2FC16AB8}.Release|Any CPU.Build.0 = Release|Any CPU
		{BA6985DE-E940-423F-928B-EC36499D2716}.Debug|Any CPU.ActiveCfg = Debug|Any CPU
		{BA6985DE-E940-423F-928B-EC36499D2716}.Debug|Any CPU.Build.0 = Debug|Any CPU
		{BA6985DE-E940-423F-928B-EC36499D2716}.Release|Any CPU.ActiveCfg = Release|Any CPU
		{BA6985DE-E940-423F-928B-EC36499D2716}.Release|Any CPU.Build.0 = Release|Any CPU
	EndGlobalSection
	GlobalSection(SolutionProperties) = preSolution
		HideSolutionNode = FALSE
	EndGlobalSection
	GlobalSection(NestedProjects) = preSolution
		{5C2E5FD6-801A-46CD-AE75-D42148099E74} = {13868603-3EA5-4BAD-84CB-7C6D15FE73F9}
		{6EEEBF73-BD8C-4C88-B898-8B5E25412194} = {13868603-3EA5-4BAD-84CB-7C6D15FE73F9}
		{A8A291C0-6485-492A-91B6-02098A50C03D} = {13868603-3EA5-4BAD-84CB-7C6D15FE73F9}
		{1098D510-E7D3-47C8-BFF5-A63C8D0C30E6} = {13868603-3EA5-4BAD-84CB-7C6D15FE73F9}
		{075F7841-29B4-4290-8CFB-CB1CB350E2AF} = {889BD5EA-2742-4948-B690-A111FFA440F2}
		{C273B9A4-02DC-48A4-9CBA-3CE03B01843A} = {889BD5EA-2742-4948-B690-A111FFA440F2}
		{BCB52E65-2848-4724-A276-35F55A78BB68} = {2DB55BEB-44D4-4C6B-A997-085E6C44411C}
		{F7AE8099-6174-4BC0-9AC5-A94DDF5935A1} = {2DB55BEB-44D4-4C6B-A997-085E6C44411C}
		{1DB8E8A2-79E3-4A98-A1F9-7B3898BAAA1B} = {CC291A91-6806-43CC-B559-4C423F7E581B}
		{D8A405B4-7B2E-4D5A-81FF-7054A3005F22} = {CC291A91-6806-43CC-B559-4C423F7E581B}
		{E44F38B7-BAF1-40BA-B5E7-928A9400BC43} = {CC291A91-6806-43CC-B559-4C423F7E581B}
		{4F64846D-4B8E-4683-A349-D0AE2FC16AB8} = {CC291A91-6806-43CC-B559-4C423F7E581B}
		{BA6985DE-E940-423F-928B-EC36499D2716} = {143F6A8F-D100-4747-B1A8-30F0F7AE57DA}
	EndGlobalSection
	GlobalSection(ExtensibilityGlobals) = postSolution
		SolutionGuid = {AF80A324-C0A4-4926-A363-E7780C9838A9}
	EndGlobalSection
EndGlobal
